// !$*UTF8*$!
{
	archiveVersion = 1;
	classes = {
	};
	objectVersion = 50;
	objects = {

/* Begin PBXBuildFile section */
		4C498E2722F913420071891A /* AppDelegate.swift in Sources */ = {isa = PBXBuildFile; fileRef = 4C498E2622F913420071891A /* AppDelegate.swift */; };
		4C498E2C22F913420071891A /* Main.storyboard in Resources */ = {isa = PBXBuildFile; fileRef = 4C498E2A22F913420071891A /* Main.storyboard */; };
		4C498E2E22F913450071891A /* Assets.xcassets in Resources */ = {isa = PBXBuildFile; fileRef = 4C498E2D22F913450071891A /* Assets.xcassets */; };
		4C498E3122F913450071891A /* LaunchScreen.storyboard in Resources */ = {isa = PBXBuildFile; fileRef = 4C498E2F22F913450071891A /* LaunchScreen.storyboard */; };
		4C498E3C22F913460071891A /* PIpadDemoTests.swift in Sources */ = {isa = PBXBuildFile; fileRef = 4C498E3B22F913460071891A /* PIpadDemoTests.swift */; };
		4C498E4722F913460071891A /* PIpadDemoUITests.swift in Sources */ = {isa = PBXBuildFile; fileRef = 4C498E4622F913460071891A /* PIpadDemoUITests.swift */; };
		4C498E5522F91A710071891A /* PHomeViewController.swift in Sources */ = {isa = PBXBuildFile; fileRef = 4C498E5422F91A710071891A /* PHomeViewController.swift */; };
		4C498E5722F91C1C0071891A /* PDockView.swift in Sources */ = {isa = PBXBuildFile; fileRef = 4C498E5622F91C1C0071891A /* PDockView.swift */; };
		4C498E5922F91C3B0071891A /* PToolBarView.swift in Sources */ = {isa = PBXBuildFile; fileRef = 4C498E5822F91C3B0071891A /* PToolBarView.swift */; };
		4C498E5B22F91C530071891A /* PTabBarView.swift in Sources */ = {isa = PBXBuildFile; fileRef = 4C498E5A22F91C530071891A /* PTabBarView.swift */; };
		4C498E5D22F91C760071891A /* PProfileButton.swift in Sources */ = {isa = PBXBuildFile; fileRef = 4C498E5C22F91C760071891A /* PProfileButton.swift */; };
		4C498E5F22F92C4C0071891A /* UIView+Extension.swift in Sources */ = {isa = PBXBuildFile; fileRef = 4C498E5E22F92C4C0071891A /* UIView+Extension.swift */; };
		4C498E6422F96D040071891A /* Const.swift in Sources */ = {isa = PBXBuildFile; fileRef = 4C498E6322F96D040071891A /* Const.swift */; };
		4CBB64C62314CA1800C4D04C /* PTabBarButton.swift in Sources */ = {isa = PBXBuildFile; fileRef = 4CBB64C52314CA1800C4D04C /* PTabBarButton.swift */; };
		A829D07E37DDCA116CE4ACB7 /* Pods_PIpadDemo.framework in Frameworks */ = {isa = PBXBuildFile; fileRef = 407290D11578B63ADACF3576 /* Pods_PIpadDemo.framework */; };
/* End PBXBuildFile section */

/* Begin PBXContainerItemProxy section */
		4C498E3822F913460071891A /* PBXContainerItemProxy */ = {
			isa = PBXContainerItemProxy;
			containerPortal = 4C498E1B22F913420071891A /* Project object */;
			proxyType = 1;
			remoteGlobalIDString = 4C498E2222F913420071891A;
			remoteInfo = PIpadDemo;
		};
		4C498E4322F913460071891A /* PBXContainerItemProxy */ = {
			isa = PBXContainerItemProxy;
			containerPortal = 4C498E1B22F913420071891A /* Project object */;
			proxyType = 1;
			remoteGlobalIDString = 4C498E2222F913420071891A;
			remoteInfo = PIpadDemo;
		};
/* End PBXContainerItemProxy section */

/* Begin PBXFileReference section */
		3428BC0FCB24C38B3B2CCE21 /* Pods-PIpadDemo.debug.xcconfig */ = {isa = PBXFileReference; includeInIndex = 1; lastKnownFileType = text.xcconfig; name = "Pods-PIpadDemo.debug.xcconfig"; path = "Target Support Files/Pods-PIpadDemo/Pods-PIpadDemo.debug.xcconfig"; sourceTree = "<group>"; };
		407290D11578B63ADACF3576 /* Pods_PIpadDemo.framework */ = {isa = PBXFileReference; explicitFileType = wrapper.framework; includeInIndex = 0; path = Pods_PIpadDemo.framework; sourceTree = BUILT_PRODUCTS_DIR; };
		4C498E2322F913420071891A /* PIpadDemo.app */ = {isa = PBXFileReference; explicitFileType = wrapper.application; includeInIndex = 0; path = PIpadDemo.app; sourceTree = BUILT_PRODUCTS_DIR; };
		4C498E2622F913420071891A /* AppDelegate.swift */ = {isa = PBXFileReference; lastKnownFileType = sourcecode.swift; path = AppDelegate.swift; sourceTree = "<group>"; };
		4C498E2B22F913420071891A /* Base */ = {isa = PBXFileReference; lastKnownFileType = file.storyboard; name = Base; path = Base.lproj/Main.storyboard; sourceTree = "<group>"; };
		4C498E2D22F913450071891A /* Assets.xcassets */ = {isa = PBXFileReference; lastKnownFileType = folder.assetcatalog; path = Assets.xcassets; sourceTree = "<group>"; };
		4C498E3022F913450071891A /* Base */ = {isa = PBXFileReference; lastKnownFileType = file.storyboard; name = Base; path = Base.lproj/LaunchScreen.storyboard; sourceTree = "<group>"; };
		4C498E3222F913450071891A /* Info.plist */ = {isa = PBXFileReference; lastKnownFileType = text.plist.xml; path = Info.plist; sourceTree = "<group>"; };
		4C498E3722F913460071891A /* PIpadDemoTests.xctest */ = {isa = PBXFileReference; explicitFileType = wrapper.cfbundle; includeInIndex = 0; path = PIpadDemoTests.xctest; sourceTree = BUILT_PRODUCTS_DIR; };
		4C498E3B22F913460071891A /* PIpadDemoTests.swift */ = {isa = PBXFileReference; lastKnownFileType = sourcecode.swift; path = PIpadDemoTests.swift; sourceTree = "<group>"; };
		4C498E3D22F913460071891A /* Info.plist */ = {isa = PBXFileReference; lastKnownFileType = text.plist.xml; path = Info.plist; sourceTree = "<group>"; };
		4C498E4222F913460071891A /* PIpadDemoUITests.xctest */ = {isa = PBXFileReference; explicitFileType = wrapper.cfbundle; includeInIndex = 0; path = PIpadDemoUITests.xctest; sourceTree = BUILT_PRODUCTS_DIR; };
		4C498E4622F913460071891A /* PIpadDemoUITests.swift */ = {isa = PBXFileReference; lastKnownFileType = sourcecode.swift; path = PIpadDemoUITests.swift; sourceTree = "<group>"; };
		4C498E4822F913460071891A /* Info.plist */ = {isa = PBXFileReference; lastKnownFileType = text.plist.xml; path = Info.plist; sourceTree = "<group>"; };
		4C498E5422F91A710071891A /* PHomeViewController.swift */ = {isa = PBXFileReference; lastKnownFileType = sourcecode.swift; path = PHomeViewController.swift; sourceTree = "<group>"; };
		4C498E5622F91C1C0071891A /* PDockView.swift */ = {isa = PBXFileReference; lastKnownFileType = sourcecode.swift; path = PDockView.swift; sourceTree = "<group>"; };
		4C498E5822F91C3B0071891A /* PToolBarView.swift */ = {isa = PBXFileReference; lastKnownFileType = sourcecode.swift; path = PToolBarView.swift; sourceTree = "<group>"; };
		4C498E5A22F91C530071891A /* PTabBarView.swift */ = {isa = PBXFileReference; lastKnownFileType = sourcecode.swift; path = PTabBarView.swift; sourceTree = "<group>"; };
		4C498E5C22F91C760071891A /* PProfileButton.swift */ = {isa = PBXFileReference; lastKnownFileType = sourcecode.swift; path = PProfileButton.swift; sourceTree = "<group>"; };
		4C498E5E22F92C4C0071891A /* UIView+Extension.swift */ = {isa = PBXFileReference; lastKnownFileType = sourcecode.swift; path = "UIView+Extension.swift"; sourceTree = "<group>"; };
		4C498E6322F96D040071891A /* Const.swift */ = {isa = PBXFileReference; lastKnownFileType = sourcecode.swift; path = Const.swift; sourceTree = "<group>"; };
		4CBB64C52314CA1800C4D04C /* PTabBarButton.swift */ = {isa = PBXFileReference; lastKnownFileType = sourcecode.swift; path = PTabBarButton.swift; sourceTree = "<group>"; };
		D0EEEDED2C2948FCA5B0522B /* Pods-PIpadDemo.release.xcconfig */ = {isa = PBXFileReference; includeInIndex = 1; lastKnownFileType = text.xcconfig; name = "Pods-PIpadDemo.release.xcconfig"; path = "Target Support Files/Pods-PIpadDemo/Pods-PIpadDemo.release.xcconfig"; sourceTree = "<group>"; };
/* End PBXFileReference section */

/* Begin PBXFrameworksBuildPhase section */
		4C498E2022F913420071891A /* Frameworks */ = {
			isa = PBXFrameworksBuildPhase;
			buildActionMask = 2147483647;
			files = (
				A829D07E37DDCA116CE4ACB7 /* Pods_PIpadDemo.framework in Frameworks */,
			);
			runOnlyForDeploymentPostprocessing = 0;
		};
		4C498E3422F913460071891A /* Frameworks */ = {
			isa = PBXFrameworksBuildPhase;
			buildActionMask = 2147483647;
			files = (
			);
			runOnlyForDeploymentPostprocessing = 0;
		};
		4C498E3F22F913460071891A /* Frameworks */ = {
			isa = PBXFrameworksBuildPhase;
			buildActionMask = 2147483647;
			files = (
			);
			runOnlyForDeploymentPostprocessing = 0;
		};
/* End PBXFrameworksBuildPhase section */

/* Begin PBXGroup section */
		0FCBADEB0FB7AD3A27F13C66 /* Frameworks */ = {
			isa = PBXGroup;
			children = (
				407290D11578B63ADACF3576 /* Pods_PIpadDemo.framework */,
			);
			name = Frameworks;
			sourceTree = "<group>";
		};
		4C498E1A22F913420071891A = {
			isa = PBXGroup;
			children = (
				4C498E2522F913420071891A /* PIpadDemo */,
				4C498E3A22F913460071891A /* PIpadDemoTests */,
				4C498E4522F913460071891A /* PIpadDemoUITests */,
				4C498E2422F913420071891A /* Products */,
				CC133413E005885AAFAC6C10 /* Pods */,
				0FCBADEB0FB7AD3A27F13C66 /* Frameworks */,
			);
			sourceTree = "<group>";
		};
		4C498E2422F913420071891A /* Products */ = {
			isa = PBXGroup;
			children = (
				4C498E2322F913420071891A /* PIpadDemo.app */,
				4C498E3722F913460071891A /* PIpadDemoTests.xctest */,
				4C498E4222F913460071891A /* PIpadDemoUITests.xctest */,
			);
			name = Products;
			sourceTree = "<group>";
		};
		4C498E2522F913420071891A /* PIpadDemo */ = {
			isa = PBXGroup;
			children = (
				4C498E6222F965060071891A /* Extension */,
				4CBB64C72314CED700C4D04C /* Button */,
				4C498E6122F964E60071891A /* View */,
				4C498E6022F964C80071891A /* Controller */,
				4C498E2622F913420071891A /* AppDelegate.swift */,
				4C498E2A22F913420071891A /* Main.storyboard */,
				4C498E2D22F913450071891A /* Assets.xcassets */,
				4C498E2F22F913450071891A /* LaunchScreen.storyboard */,
				4C498E3222F913450071891A /* Info.plist */,
				4C498E6322F96D040071891A /* Const.swift */,
			);
			path = PIpadDemo;
			sourceTree = "<group>";
		};
		4C498E3A22F913460071891A /* PIpadDemoTests */ = {
			isa = PBXGroup;
			children = (
				4C498E3B22F913460071891A /* PIpadDemoTests.swift */,
				4C498E3D22F913460071891A /* Info.plist */,
			);
			path = PIpadDemoTests;
			sourceTree = "<group>";
		};
		4C498E4522F913460071891A /* PIpadDemoUITests */ = {
			isa = PBXGroup;
			children = (
				4C498E4622F913460071891A /* PIpadDemoUITests.swift */,
				4C498E4822F913460071891A /* Info.plist */,
			);
			path = PIpadDemoUITests;
			sourceTree = "<group>";
		};
		4C498E6022F964C80071891A /* Controller */ = {
			isa = PBXGroup;
			children = (
				4C498E5422F91A710071891A /* PHomeViewController.swift */,
			);
			path = Controller;
			sourceTree = "<group>";
		};
		4C498E6122F964E60071891A /* View */ = {
			isa = PBXGroup;
			children = (
				4C498E5622F91C1C0071891A /* PDockView.swift */,
				4C498E5822F91C3B0071891A /* PToolBarView.swift */,
				4C498E5A22F91C530071891A /* PTabBarView.swift */,
			);
			path = View;
			sourceTree = "<group>";
		};
		4C498E6222F965060071891A /* Extension */ = {
			isa = PBXGroup;
			children = (
				4C498E5E22F92C4C0071891A /* UIView+Extension.swift */,
			);
			path = Extension;
			sourceTree = "<group>";
		};
		4CBB64C72314CED700C4D04C /* Button */ = {
			isa = PBXGroup;
			children = (
				4C498E5C22F91C760071891A /* PProfileButton.swift */,
				4CBB64C52314CA1800C4D04C /* PTabBarButton.swift */,
			);
			path = Button;
			sourceTree = "<group>";
		};
		CC133413E005885AAFAC6C10 /* Pods */ = {
			isa = PBXGroup;
			children = (
				3428BC0FCB24C38B3B2CCE21 /* Pods-PIpadDemo.debug.xcconfig */,
				D0EEEDED2C2948FCA5B0522B /* Pods-PIpadDemo.release.xcconfig */,
			);
			name = Pods;
			path = Pods;
			sourceTree = "<group>";
		};
/* End PBXGroup section */

/* Begin PBXNativeTarget section */
		4C498E2222F913420071891A /* PIpadDemo */ = {
			isa = PBXNativeTarget;
			buildConfigurationList = 4C498E4B22F913460071891A /* Build configuration list for PBXNativeTarget "PIpadDemo" */;
			buildPhases = (
				FF7BEDD9832D0DC95C8A24DE /* [CP] Check Pods Manifest.lock */,
				4C498E1F22F913420071891A /* Sources */,
				4C498E2022F913420071891A /* Frameworks */,
				4C498E2122F913420071891A /* Resources */,
				46805AAC5A9E34BDEA51E178 /* [CP] Embed Pods Frameworks */,
			);
			buildRules = (
			);
			dependencies = (
			);
			name = PIpadDemo;
			productName = PIpadDemo;
			productReference = 4C498E2322F913420071891A /* PIpadDemo.app */;
			productType = "com.apple.product-type.application";
		};
		4C498E3622F913460071891A /* PIpadDemoTests */ = {
			isa = PBXNativeTarget;
			buildConfigurationList = 4C498E4E22F913460071891A /* Build configuration list for PBXNativeTarget "PIpadDemoTests" */;
			buildPhases = (
				4C498E3322F913460071891A /* Sources */,
				4C498E3422F913460071891A /* Frameworks */,
				4C498E3522F913460071891A /* Resources */,
			);
			buildRules = (
			);
			dependencies = (
				4C498E3922F913460071891A /* PBXTargetDependency */,
			);
			name = PIpadDemoTests;
			productName = PIpadDemoTests;
			productReference = 4C498E3722F913460071891A /* PIpadDemoTests.xctest */;
			productType = "com.apple.product-type.bundle.unit-test";
		};
		4C498E4122F913460071891A /* PIpadDemoUITests */ = {
			isa = PBXNativeTarget;
			buildConfigurationList = 4C498E5122F913460071891A /* Build configuration list for PBXNativeTarget "PIpadDemoUITests" */;
			buildPhases = (
				4C498E3E22F913460071891A /* Sources */,
				4C498E3F22F913460071891A /* Frameworks */,
				4C498E4022F913460071891A /* Resources */,
			);
			buildRules = (
			);
			dependencies = (
				4C498E4422F913460071891A /* PBXTargetDependency */,
			);
			name = PIpadDemoUITests;
			productName = PIpadDemoUITests;
			productReference = 4C498E4222F913460071891A /* PIpadDemoUITests.xctest */;
			productType = "com.apple.product-type.bundle.ui-testing";
		};
/* End PBXNativeTarget section */

/* Begin PBXProject section */
		4C498E1B22F913420071891A /* Project object */ = {
			isa = PBXProject;
			attributes = {
				CLASSPREFIX = P;
				LastSwiftUpdateCheck = 1010;
				LastUpgradeCheck = 1010;
				ORGANIZATIONNAME = os;
				TargetAttributes = {
					4C498E2222F913420071891A = {
						CreatedOnToolsVersion = 10.1;
					};
					4C498E3622F913460071891A = {
						CreatedOnToolsVersion = 10.1;
						TestTargetID = 4C498E2222F913420071891A;
					};
					4C498E4122F913460071891A = {
						CreatedOnToolsVersion = 10.1;
						TestTargetID = 4C498E2222F913420071891A;
					};
				};
			};
			buildConfigurationList = 4C498E1E22F913420071891A /* Build configuration list for PBXProject "PIpadDemo" */;
			compatibilityVersion = "Xcode 9.3";
			developmentRegion = en;
			hasScannedForEncodings = 0;
			knownRegions = (
				en,
				Base,
			);
			mainGroup = 4C498E1A22F913420071891A;
			productRefGroup = 4C498E2422F913420071891A /* Products */;
			projectDirPath = "";
			projectRoot = "";
			targets = (
				4C498E2222F913420071891A /* PIpadDemo */,
				4C498E3622F913460071891A /* PIpadDemoTests */,
				4C498E4122F913460071891A /* PIpadDemoUITests */,
			);
		};
/* End PBXProject section */

/* Begin PBXResourcesBuildPhase section */
		4C498E2122F913420071891A /* Resources */ = {
			isa = PBXResourcesBuildPhase;
			buildActionMask = 2147483647;
			files = (
				4C498E3122F913450071891A /* LaunchScreen.storyboard in Resources */,
				4C498E2E22F913450071891A /* Assets.xcassets in Resources */,
				4C498E2C22F913420071891A /* Main.storyboard in Resources */,
			);
			runOnlyForDeploymentPostprocessing = 0;
		};
		4C498E3522F913460071891A /* Resources */ = {
			isa = PBXResourcesBuildPhase;
			buildActionMask = 2147483647;
			files = (
			);
			runOnlyForDeploymentPostprocessing = 0;
		};
		4C498E4022F913460071891A /* Resources */ = {
			isa = PBXResourcesBuildPhase;
			buildActionMask = 2147483647;
			files = (
			);
			runOnlyForDeploymentPostprocessing = 0;
		};
/* End PBXResourcesBuildPhase section */

/* Begin PBXShellScriptBuildPhase section */
		46805AAC5A9E34BDEA51E178 /* [CP] Embed Pods Frameworks */ = {
			isa = PBXShellScriptBuildPhase;
			buildActionMask = 2147483647;
			files = (
			);
			inputFileListPaths = (
				"${PODS_ROOT}/Target Support Files/Pods-PIpadDemo/Pods-PIpadDemo-frameworks-${CONFIGURATION}-input-files.xcfilelist",
			);
			name = "[CP] Embed Pods Frameworks";
			outputFileListPaths = (
				"${PODS_ROOT}/Target Support Files/Pods-PIpadDemo/Pods-PIpadDemo-frameworks-${CONFIGURATION}-output-files.xcfilelist",
			);
			runOnlyForDeploymentPostprocessing = 0;
			shellPath = /bin/sh;
			shellScript = "\"${PODS_ROOT}/Target Support Files/Pods-PIpadDemo/Pods-PIpadDemo-frameworks.sh\"\n";
			showEnvVarsInLog = 0;
		};
		FF7BEDD9832D0DC95C8A24DE /* [CP] Check Pods Manifest.lock */ = {
			isa = PBXShellScriptBuildPhase;
			buildActionMask = 2147483647;
			files = (
			);
			inputFileListPaths = (
			);
			inputPaths = (
				"${PODS_PODFILE_DIR_PATH}/Podfile.lock",
				"${PODS_ROOT}/Manifest.lock",
			);
			name = "[CP] Check Pods Manifest.lock";
			outputFileListPaths = (
			);
			outputPaths = (
				"$(DERIVED_FILE_DIR)/Pods-PIpadDemo-checkManifestLockResult.txt",
			);
			runOnlyForDeploymentPostprocessing = 0;
			shellPath = /bin/sh;
			shellScript = "diff \"${PODS_PODFILE_DIR_PATH}/Podfile.lock\" \"${PODS_ROOT}/Manifest.lock\" > /dev/null\nif [ $? != 0 ] ; then\n    # print error to STDERR\n    echo \"error: The sandbox is not in sync with the Podfile.lock. Run 'pod install' or update your CocoaPods installation.\" >&2\n    exit 1\nfi\n# This output is used by Xcode 'outputs' to avoid re-running this script phase.\necho \"SUCCESS\" > \"${SCRIPT_OUTPUT_FILE_0}\"\n";
			showEnvVarsInLog = 0;
		};
/* End PBXShellScriptBuildPhase section */

/* Begin PBXSourcesBuildPhase section */
		4C498E1F22F913420071891A /* Sources */ = {
			isa = PBXSourcesBuildPhase;
			buildActionMask = 2147483647;
			files = (
				4C498E5722F91C1C0071891A /* PDockView.swift in Sources */,
				4C498E5F22F92C4C0071891A /* UIView+Extension.swift in Sources */,
				4C498E5522F91A710071891A /* PHomeViewController.swift in Sources */,
				4CBB64C62314CA1800C4D04C /* PTabBarButton.swift in Sources */,
				4C498E2722F913420071891A /* AppDelegate.swift in Sources */,
				4C498E5922F91C3B0071891A /* PToolBarView.swift in Sources */,
				4C498E6422F96D040071891A /* Const.swift in Sources */,
				4C498E5D22F91C760071891A /* PProfileButton.swift in Sources */,
				4C498E5B22F91C530071891A /* PTabBarView.swift in Sources */,
			);
			runOnlyForDeploymentPostprocessing = 0;
		};
		4C498E3322F913460071891A /* Sources */ = {
			isa = PBXSourcesBuildPhase;
			buildActionMask = 2147483647;
			files = (
				4C498E3C22F913460071891A /* PIpadDemoTests.swift in Sources */,
			);
			runOnlyForDeploymentPostprocessing = 0;
		};
		4C498E3E22F913460071891A /* Sources */ = {
			isa = PBXSourcesBuildPhase;
			buildActionMask = 2147483647;
			files = (
				4C498E4722F913460071891A /* PIpadDemoUITests.swift in Sources */,
			);
			runOnlyForDeploymentPostprocessing = 0;
		};
/* End PBXSourcesBuildPhase section */

/* Begin PBXTargetDependency section */
		4C498E3922F913460071891A /* PBXTargetDependency */ = {
			isa = PBXTargetDependency;
			target = 4C498E2222F913420071891A /* PIpadDemo */;
			targetProxy = 4C498E3822F913460071891A /* PBXContainerItemProxy */;
		};
		4C498E4422F913460071891A /* PBXTargetDependency */ = {
			isa = PBXTargetDependency;
			target = 4C498E2222F913420071891A /* PIpadDemo */;
			targetProxy = 4C498E4322F913460071891A /* PBXContainerItemProxy */;
		};
/* End PBXTargetDependency section */

/* Begin PBXVariantGroup section */
		4C498E2A22F913420071891A /* Main.storyboard */ = {
			isa = PBXVariantGroup;
			children = (
				4C498E2B22F913420071891A /* Base */,
			);
			name = Main.storyboard;
			sourceTree = "<group>";
		};
		4C498E2F22F913450071891A /* LaunchScreen.storyboard */ = {
			isa = PBXVariantGroup;
			children = (
				4C498E3022F913450071891A /* Base */,
			);
			name = LaunchScreen.storyboard;
			sourceTree = "<group>";
		};
/* End PBXVariantGroup section */

/* Begin XCBuildConfiguration section */
		4C498E4922F913460071891A /* Debug */ = {
			isa = XCBuildConfiguration;
			buildSettings = {
				ALWAYS_SEARCH_USER_PATHS = NO;
				CLANG_ANALYZER_NONNULL = YES;
				CLANG_ANALYZER_NUMBER_OBJECT_CONVERSION = YES_AGGRESSIVE;
				CLANG_CXX_LANGUAGE_STANDARD = "gnu++14";
				CLANG_CXX_LIBRARY = "libc++";
				CLANG_ENABLE_MODULES = YES;
				CLANG_ENABLE_OBJC_ARC = YES;
				CLANG_ENABLE_OBJC_WEAK = YES;
				CLANG_WARN_BLOCK_CAPTURE_AUTORELEASING = YES;
				CLANG_WARN_BOOL_CONVERSION = YES;
				CLANG_WARN_COMMA = YES;
				CLANG_WARN_CONSTANT_CONVERSION = YES;
				CLANG_WARN_DEPRECATED_OBJC_IMPLEMENTATIONS = YES;
				CLANG_WARN_DIRECT_OBJC_ISA_USAGE = YES_ERROR;
				CLANG_WARN_DOCUMENTATION_COMMENTS = YES;
				CLANG_WARN_EMPTY_BODY = YES;
				CLANG_WARN_ENUM_CONVERSION = YES;
				CLANG_WARN_INFINITE_RECURSION = YES;
				CLANG_WARN_INT_CONVERSION = YES;
				CLANG_WARN_NON_LITERAL_NULL_CONVERSION = YES;
				CLANG_WARN_OBJC_IMPLICIT_RETAIN_SELF = YES;
				CLANG_WARN_OBJC_LITERAL_CONVERSION = YES;
				CLANG_WARN_OBJC_ROOT_CLASS = YES_ERROR;
				CLANG_WARN_RANGE_LOOP_ANALYSIS = YES;
				CLANG_WARN_STRICT_PROTOTYPES = YES;
				CLANG_WARN_SUSPICIOUS_MOVE = YES;
				CLANG_WARN_UNGUARDED_AVAILABILITY = YES_AGGRESSIVE;
				CLANG_WARN_UNREACHABLE_CODE = YES;
				CLANG_WARN__DUPLICATE_METHOD_MATCH = YES;
				CODE_SIGN_IDENTITY = "iPhone Developer";
				COPY_PHASE_STRIP = NO;
				DEBUG_INFORMATION_FORMAT = dwarf;
				ENABLE_STRICT_OBJC_MSGSEND = YES;
				ENABLE_TESTABILITY = YES;
				GCC_C_LANGUAGE_STANDARD = gnu11;
				GCC_DYNAMIC_NO_PIC = NO;
				GCC_NO_COMMON_BLOCKS = YES;
				GCC_OPTIMIZATION_LEVEL = 0;
				GCC_PREPROCESSOR_DEFINITIONS = (
					"DEBUG=1",
					"$(inherited)",
				);
				GCC_WARN_64_TO_32_BIT_CONVERSION = YES;
				GCC_WARN_ABOUT_RETURN_TYPE = YES_ERROR;
				GCC_WARN_UNDECLARED_SELECTOR = YES;
				GCC_WARN_UNINITIALIZED_AUTOS = YES_AGGRESSIVE;
				GCC_WARN_UNUSED_FUNCTION = YES;
				GCC_WARN_UNUSED_VARIABLE = YES;
				IPHONEOS_DEPLOYMENT_TARGET = 12.1;
				MTL_ENABLE_DEBUG_INFO = INCLUDE_SOURCE;
				MTL_FAST_MATH = YES;
				ONLY_ACTIVE_ARCH = YES;
				SDKROOT = iphoneos;
				SWIFT_ACTIVE_COMPILATION_CONDITIONS = DEBUG;
				SWIFT_OPTIMIZATION_LEVEL = "-Onone";
			};
			name = Debug;
		};
		4C498E4A22F913460071891A /* Release */ = {
			isa = XCBuildConfiguration;
			buildSettings = {
				ALWAYS_SEARCH_USER_PATHS = NO;
				CLANG_ANALYZER_NONNULL = YES;
				CLANG_ANALYZER_NUMBER_OBJECT_CONVERSION = YES_AGGRESSIVE;
				CLANG_CXX_LANGUAGE_STANDARD = "gnu++14";
				CLANG_CXX_LIBRARY = "libc++";
				CLANG_ENABLE_MODULES = YES;
				CLANG_ENABLE_OBJC_ARC = YES;
				CLANG_ENABLE_OBJC_WEAK = YES;
				CLANG_WARN_BLOCK_CAPTURE_AUTORELEASING = YES;
				CLANG_WARN_BOOL_CONVERSION = YES;
				CLANG_WARN_COMMA = YES;
				CLANG_WARN_CONSTANT_CONVERSION = YES;
				CLANG_WARN_DEPRECATED_OBJC_IMPLEMENTATIONS = YES;
				CLANG_WARN_DIRECT_OBJC_ISA_USAGE = YES_ERROR;
				CLANG_WARN_DOCUMENTATION_COMMENTS = YES;
				CLANG_WARN_EMPTY_BODY = YES;
				CLANG_WARN_ENUM_CONVERSION = YES;
				CLANG_WARN_INFINITE_RECURSION = YES;
				CLANG_WARN_INT_CONVERSION = YES;
				CLANG_WARN_NON_LITERAL_NULL_CONVERSION = YES;
				CLANG_WARN_OBJC_IMPLICIT_RETAIN_SELF = YES;
				CLANG_WARN_OBJC_LITERAL_CONVERSION = YES;
				CLANG_WARN_OBJC_ROOT_CLASS = YES_ERROR;
				CLANG_WARN_RANGE_LOOP_ANALYSIS = YES;
				CLANG_WARN_STRICT_PROTOTYPES = YES;
				CLANG_WARN_SUSPICIOUS_MOVE = YES;
				CLANG_WARN_UNGUARDED_AVAILABILITY = YES_AGGRESSIVE;
				CLANG_WARN_UNREACHABLE_CODE = YES;
				CLANG_WARN__DUPLICATE_METHOD_MATCH = YES;
				CODE_SIGN_IDENTITY = "iPhone Developer";
				COPY_PHASE_STRIP = NO;
				DEBUG_INFORMATION_FORMAT = "dwarf-with-dsym";
				ENABLE_NS_ASSERTIONS = NO;
				ENABLE_STRICT_OBJC_MSGSEND = YES;
				GCC_C_LANGUAGE_STANDARD = gnu11;
				GCC_NO_COMMON_BLOCKS = YES;
				GCC_WARN_64_TO_32_BIT_CONVERSION = YES;
				GCC_WARN_ABOUT_RETURN_TYPE = YES_ERROR;
				GCC_WARN_UNDECLARED_SELECTOR = YES;
				GCC_WARN_UNINITIALIZED_AUTOS = YES_AGGRESSIVE;
				GCC_WARN_UNUSED_FUNCTION = YES;
				GCC_WARN_UNUSED_VARIABLE = YES;
				IPHONEOS_DEPLOYMENT_TARGET = 12.1;
				MTL_ENABLE_DEBUG_INFO = NO;
				MTL_FAST_MATH = YES;
				SDKROOT = iphoneos;
				SWIFT_COMPILATION_MODE = wholemodule;
				SWIFT_OPTIMIZATION_LEVEL = "-O";
				VALIDATE_PRODUCT = YES;
			};
			name = Release;
		};
		4C498E4C22F913460071891A /* Debug */ = {
			isa = XCBuildConfiguration;
			baseConfigurationReference = 3428BC0FCB24C38B3B2CCE21 /* Pods-PIpadDemo.debug.xcconfig */;
			buildSettings = {
				ASSETCATALOG_COMPILER_APPICON_NAME = AppIcon;
				CODE_SIGN_STYLE = Automatic;
				INFOPLIST_FILE = PIpadDemo/Info.plist;
				IPHONEOS_DEPLOYMENT_TARGET = 8.0;
				LD_RUNPATH_SEARCH_PATHS = (
					"$(inherited)",
					"@executable_path/Frameworks",
				);
				PRODUCT_BUNDLE_IDENTIFIER = com.PIpadDemo;
				PRODUCT_NAME = "$(TARGET_NAME)";
				SWIFT_VERSION = 4.2;
				TARGETED_DEVICE_FAMILY = 2;
			};
			name = Debug;
		};
		4C498E4D22F913460071891A /* Release */ = {
			isa = XCBuildConfiguration;
			baseConfigurationReference = D0EEEDED2C2948FCA5B0522B /* Pods-PIpadDemo.release.xcconfig */;
			buildSettings = {
				ASSETCATALOG_COMPILER_APPICON_NAME = AppIcon;
				CODE_SIGN_STYLE = Automatic;
				INFOPLIST_FILE = PIpadDemo/Info.plist;
				IPHONEOS_DEPLOYMENT_TARGET = 8.0;
				LD_RUNPATH_SEARCH_PATHS = (
					"$(inherited)",
					"@executable_path/Frameworks",
				);
				PRODUCT_BUNDLE_IDENTIFIER = com.PIpadDemo;
				PRODUCT_NAME = "$(TARGET_NAME)";
				SWIFT_VERSION = 4.2;
				TARGETED_DEVICE_FAMILY = 2;
			};
			name = Release;
		};
		4C498E4F22F913460071891A /* Debug */ = {
			isa = XCBuildConfiguration;
			buildSettings = {
				ALWAYS_EMBED_SWIFT_STANDARD_LIBRARIES = YES;
				BUNDLE_LOADER = "$(TEST_HOST)";
				CODE_SIGN_STYLE = Automatic;
				INFOPLIST_FILE = PIpadDemoTests/Info.plist;
				LD_RUNPATH_SEARCH_PATHS = (
					"$(inherited)",
					"@executable_path/Frameworks",
					"@loader_path/Frameworks",
				);
				PRODUCT_BUNDLE_IDENTIFIER = com.PIpadDemoTests;
				PRODUCT_NAME = "$(TARGET_NAME)";
				SWIFT_VERSION = 4.2;
				TARGETED_DEVICE_FAMILY = "1,2";
				TEST_HOST = "$(BUILT_PRODUCTS_DIR)/PIpadDemo.app/PIpadDemo";
			};
			name = Debug;
		};
		4C498E5022F913460071891A /* Release */ = {
			isa = XCBuildConfiguration;
			buildSettings = {
				ALWAYS_EMBED_SWIFT_STANDARD_LIBRARIES = YES;
				BUNDLE_LOADER = "$(TEST_HOST)";
				CODE_SIGN_STYLE = Automatic;
				INFOPLIST_FILE = PIpadDemoTests/Info.plist;
				LD_RUNPATH_SEARCH_PATHS = (
					"$(inherited)",
					"@executable_path/Frameworks",
					"@loader_path/Frameworks",
				);
				PRODUCT_BUNDLE_IDENTIFIER = com.PIpadDemoTests;
				PRODUCT_NAME = "$(TARGET_NAME)";
				SWIFT_VERSION = 4.2;
				TARGETED_DEVICE_FAMILY = "1,2";
				TEST_HOST = "$(BUILT_PRODUCTS_DIR)/PIpadDemo.app/PIpadDemo";
			};
			name = Release;
		};
		4C498E5222F913460071891A /* Debug */ = {
			isa = XCBuildConfiguration;
			buildSettings = {
				ALWAYS_EMBED_SWIFT_STANDARD_LIBRARIES = YES;
				CODE_SIGN_STYLE = Automatic;
				INFOPLIST_FILE = PIpadDemoUITests/Info.plist;
				LD_RUNPATH_SEARCH_PATHS = (
					"$(inherited)",
					"@executable_path/Frameworks",
					"@loader_path/Frameworks",
				);
				PRODUCT_BUNDLE_IDENTIFIER = com.PIpadDemoUITests;
				PRODUCT_NAME = "$(TARGET_NAME)";
				SWIFT_VERSION = 4.2;
				TARGETED_DEVICE_FAMILY = "1,2";
				TEST_TARGET_NAME = PIpadDemo;
			};
			name = Debug;
		};
		4C498E5322F913460071891A /* Release */ = {
			isa = XCBuildConfiguration;
			buildSettings = {
				ALWAYS_EMBED_SWIFT_STANDARD_LIBRARIES = YES;
				CODE_SIGN_STYLE = Automatic;
				INFOPLIST_FILE = PIpadDemoUITests/Info.plist;
				LD_RUNPATH_SEARCH_PATHS = (
					"$(inherited)",
					"@executable_path/Frameworks",
					"@loader_path/Frameworks",
				);
				PRODUCT_BUNDLE_IDENTIFIER = com.PIpadDemoUITests;
				PRODUCT_NAME = "$(TARGET_NAME)";
				SWIFT_VERSION = 4.2;
				TARGETED_DEVICE_FAMILY = "1,2";
				TEST_TARGET_NAME = PIpadDemo;
			};
			name = Release;
		};
/* End XCBuildConfiguration section */

/* Begin XCConfigurationList section */
		4C498E1E22F913420071891A /* Build configuration list for PBXProject "PIpadDemo" */ = {
			isa = XCConfigurationList;
			buildConfigurations = (
				4C498E4922F913460071891A /* Debug */,
				4C498E4A22F913460071891A /* Release */,
			);
			defaultConfigurationIsVisible = 0;
			defaultConfigurationName = Release;
		};
		4C498E4B22F913460071891A /* Build configuration list for PBXNativeTarget "PIpadDemo" */ = {
			isa = XCConfigurationList;
			buildConfigurations = (
				4C498E4C22F913460071891A /* Debug */,
				4C498E4D22F913460071891A /* Release */,
			);
			defaultConfigurationIsVisible = 0;
			defaultConfigurationName = Release;
		};
		4C498E4E22F913460071891A /* Build configuration list for PBXNativeTarget "PIpadDemoTests" */ = {
			isa = XCConfigurationList;
			buildConfigurations = (
				4C498E4F22F913460071891A /* Debug */,
				4C498E5022F913460071891A /* Release */,
			);
			defaultConfigurationIsVisible = 0;
			defaultConfigurationName = Release;
		};
		4C498E5122F913460071891A /* Build configuration list for PBXNativeTarget "PIpadDemoUITests" */ = {
			isa = XCConfigurationList;
			buildConfigurations = (
				4C498E5222F913460071891A /* Debug */,
				4C498E5322F913460071891A /* Release */,
			);
			defaultConfigurationIsVisible = 0;
			defaultConfigurationName = Release;
		};
/* End XCConfigurationList section */
	};
	rootObject = 4C498E1B22F913420071891A /* Project object */;
}
